<?xml version="1.0" encoding="utf-8"?>
<Project ToolsVersion="4.0" xmlns="http://schemas.microsoft.com/developer/msbuild/2003">
  <ItemGroup>
    <Filter Include="Source Files">
      <UniqueIdentifier>{4FC737F1-C7A5-4376-A066-2A32D752A2FF}</UniqueIdentifier>
      <Extensions>cpp;c;cc;cxx;c++;cppm;ixx;def;odl;idl;hpj;bat;asm;asmx</Extensions>
    </Filter>
    <Filter Include="Header Files">
      <UniqueIdentifier>{93995380-89BD-4b04-88EB-625FBE52EBFB}</UniqueIdentifier>
      <Extensions>h;hh;hpp;hxx;h++;hm;inl;inc;ipp;xsd</Extensions>
    </Filter>
    <Filter Include="Resource Files">
      <UniqueIdentifier>{67DA6AB6-F800-4c08-8B7A-83BB121AAD01}</UniqueIdentifier>
      <Extensions>rc;ico;cur;bmp;dlg;rc2;rct;bin;rgs;gif;jpg;jpeg;jpe;resx;tiff;tif;png;wav;mfcribbon-ms</Extensions>
    </Filter>
  </ItemGroup>
  <ItemGroup>
    <ClCompile Include="src\main.cpp">
      <Filter>Source Files</Filter>
    </ClCompile>
    <ClCompile Include="src\Engine\Framework.cpp">
      <Filter>Source Files</Filter>
    </ClCompile>
    <ClCompile Include="src\Adjutant\Brainstem\BrainstemManager.cpp">
      <Filter>Source Files</Filter>
    </ClCompile>
    <ClCompile Include="src\Adjutant\AdjutantEngine.cpp">
      <Filter>Source Files</Filter>
    </ClCompile>
    <ClCompile Include="src\Adjutant\MessageBus.cpp">
      <Filter>Source Files</Filter>
    </ClCompile>
    <ClCompile Include="src\Adjutant\StateMachine.cpp">
      <Filter>Source Files</Filter>
    </ClCompile>
    <ClCompile Include="src\Adjutant\Speech\SpeechEngine.cpp">
      <Filter>Source Files</Filter>
    </ClCompile>
    <ClCompile Include="src\Adjutant\CommandSystem.cpp">
      <Filter>Source Files</Filter>
    </ClCompile>
    <ClCompile Include="src\Adjutant\Speech\Voice\VoiceOutputEngine.cpp">
      <Filter>Source Files</Filter>
    </ClCompile>
    <ClCompile Include="src\Adjutant\Memories\Memory.cpp">
      <Filter>Source Files</Filter>
    </ClCompile>
    <ClCompile Include="src\Adjutant\Memories\Memory.cpp">
      <Filter>Source Files</Filter>
    </ClCompile>
  </ItemGroup>
  <ItemGroup>
    <ClInclude Include="src\Engine\Framework.h">
      <Filter>Header Files</Filter>
    </ClInclude>
    <ClInclude Include="dep\inc\GL\eglew.h">
      <Filter>Header Files</Filter>
    </ClInclude>
    <ClInclude Include="dep\inc\GL\glew.h">
      <Filter>Header Files</Filter>
    </ClInclude>
    <ClInclude Include="dep\inc\GL\glxew.h">
      <Filter>Header Files</Filter>
    </ClInclude>
    <ClInclude Include="dep\inc\GL\wglew.h">
      <Filter>Header Files</Filter>
    </ClInclude>
    <ClInclude Include="dep\inc\GLFW\glfw3.h">
      <Filter>Header Files</Filter>
    </ClInclude>
    <ClInclude Include="dep\inc\GLFW\glfw3native.h">
      <Filter>Header Files</Filter>
    </ClInclude>
    <ClInclude Include="src\Adjutant\Brainstem\BrainstemDirective.h">
      <Filter>Header Files</Filter>
    </ClInclude>
    <ClInclude Include="src\Adjutant\Brainstem\BrainstemManager.h">
      <Filter>Header Files</Filter>
    </ClInclude>
    <ClInclude Include="src\Adjutant\AdjutantEngine.h">
      <Filter>Header Files</Filter>
    </ClInclude>
    <ClInclude Include="src\Adjutant\MessageBus.h">
      <Filter>Header Files</Filter>
    </ClInclude>
    <ClInclude Include="src\Adjutant\StateMachine.h">
      <Filter>Header Files</Filter>
    </ClInclude>
    <ClInclude Include="src\Adjutant\Speech\SpeechEngine.h">
      <Filter>Header Files</Filter>
    </ClInclude>
    <ClInclude Include="src\Adjutant\CommandSystem.h">
      <Filter>Header Files</Filter>
    </ClInclude>
    <ClInclude Include="src\Adjutant\Speech\Voice\VoiceOutputEngine.h">
      <Filter>Header Files</Filter>
    </ClInclude>
    <ClInclude Include="src\Adjutant\Speech\Voice\VoiceDSP.h">
      <Filter>Header Files</Filter>
    </ClInclude>
    <ClInclude Include="src\Adjutant\Speech\Voice\VoiceFilters.h">
      <Filter>Header Files</Filter>
    </ClInclude>
    <ClInclude Include="src\Adjutant\Speech\Voice\VoicePitch.h">
      <Filter>Header Files</Filter>
    </ClInclude>
    <ClInclude Include="src\Adjutant\Speech\Voice\Vocalics\Phoneme.h">
      <Filter>Header Files</Filter>
    </ClInclude>
    <ClInclude Include="src\Adjutant\Speech\Voice\Vocalics\PhonemeSynth.h">
      <Filter>Header Files</Filter>
    </ClInclude>
    <ClInclude Include="src\Adjutant\Speech\Voice\Vocalics\Syllable.h">
      <Filter>Header Files</Filter>
    </ClInclude>
    <ClInclude Include="src\Adjutant\Speech\Voice\Vocalics\SyllableBuilder.h">
      <Filter>Header Files</Filter>
    </ClInclude>
    <ClInclude Include="src\Engine\FileLoader.h">
      <Filter>Header Files</Filter>
    </ClInclude>
    <ClInclude Include="src\Adjutant\Speech\Voice\Vocalics\Glides.h">
      <Filter>Header Files</Filter>
    </ClInclude>
    <ClInclude Include="src\Adjutant\UserProfile.h">
      <Filter>Header Files</Filter>
    </ClInclude>
      <Filter>Header Files</Filter>
    </ClInclude>
    <ClInclude Include="src\Adjutant\Memories\Memory.h">
      <Filter>Header Files</Filter>
    </ClInclude>
    <ClInclude Include="src\Adjutant\TargetProfile.h">
      <Filter>Header Files</Filter>
    </ClInclude>
  </ItemGroup>
  <ItemGroup>
    <Library Include="dep\lib\glew32s.lib" />
    <Library Include="dep\lib\glfw3.lib" />
  </ItemGroup>
  <ItemGroup>
    <None Include="README.md" />
    <None Include="src\Adjutant\Speech\Voice\Vocalics\Phonemes.dat" />
    <None Include="src\Adjutant\Speech\Voice\Vocalics\Syllables.dat" />
    <None Include="src\Adjutant\GPU\core.shader" />
    <None Include="src\Adjutant\GPU\dialogue1.shader" />
    <None Include="src\Adjutant\Speech\Database\database1.dat" />
    <None Include="src\Adjutant\Speech\Database\targetOrgs.dat" />
    <None Include="src\Adjutant\Speech\Database\targetPeople.dat" />
    <None Include="src\Adjutant\Brainstem\brainstem.bsm" />
    <None Include="src\Adjutant\GPU\brainstem.shader" />
    <None Include="src\Adjutant\GPU\memory.shader" />
    <None Include="src\Adjutant\Memories\mem1.mem" />
  </ItemGroup>
</Project>
