<?xml version="1.0" encoding="utf-8"?>
<Project ToolsVersion="4.0" xmlns="http://schemas.microsoft.com/developer/msbuild/2003">
  <ItemGroup>
    <ClCompile Include="src\Adjutant\AdjutantEngine.cpp" />
    <ClCompile Include="src\Adjutant\Brainstem\BrainstemManager.cpp" />
    <ClCompile Include="src\Adjutant\CommandSystem.cpp" />
    <ClCompile Include="src\Adjutant\Memories\Memory.cpp" />
    <ClCompile Include="src\Adjutant\MessageBus.cpp" />
    <ClCompile Include="src\Adjutant\Speech\SpeechEngine.cpp" />
    <ClCompile Include="src\Adjutant\Speech\Voice\VoiceOutputEngine.cpp" />
    <ClCompile Include="src\Adjutant\StateMachine.cpp" />
    <ClCompile Include="src\Engine\Framework.cpp" />
    <ClCompile Include="src\main.cpp" />
  </ItemGroup>
  <ItemGroup>
    <ClInclude Include="dep\inc\GLFW\glfw3.h" />
    <ClInclude Include="dep\inc\GLFW\glfw3native.h" />
    <ClInclude Include="dep\inc\GL\eglew.h" />
    <ClInclude Include="dep\inc\GL\glew.h" />
    <ClInclude Include="dep\inc\GL\glxew.h" />
    <ClInclude Include="dep\inc\GL\wglew.h" />
    <ClInclude Include="src\Adjutant\AdjutantEngine.h" />
    <ClInclude Include="src\Adjutant\Brainstem\BrainstemDirective.h" />
    <ClInclude Include="src\Adjutant\Brainstem\BrainstemManager.h" />
    <ClInclude Include="src\Adjutant\CommandSystem.h" />
    <ClInclude Include="src\Adjutant\Memories\Memory.h" />
    <ClInclude Include="src\Adjutant\Memories\MemoryEntry.h" />
    <ClInclude Include="src\Adjutant\MessageBus.h" />
    <ClInclude Include="src\Adjutant\Speech\BeepSynth.h" />
    <ClInclude Include="src\Adjutant\Speech\SpeechEngine.h" />
    <ClInclude Include="src\Adjutant\Speech\Voice\Language\GrammarRules.h" />
    <ClInclude Include="src\Adjutant\Speech\Voice\Language\Language.h" />
    <ClInclude Include="src\Adjutant\Speech\Voice\Language\LanguageDictionary.h" />
    <ClInclude Include="src\Adjutant\Speech\Voice\Language\MorphologyRules.h" />
    <ClInclude Include="src\Adjutant\Speech\Voice\Language\OrthographyRules.h" />
    <ClInclude Include="src\Adjutant\Speech\Voice\Language\PartOfSpeech.h" />
    <ClInclude Include="src\Adjutant\Speech\Voice\Language\PhonologyRules.h" />
    <ClInclude Include="src\Adjutant\Speech\Voice\Language\ProsodyRules.h" />
    <ClInclude Include="src\Adjutant\Speech\Voice\Language\SyntaxRules.h" />
    <ClInclude Include="src\Adjutant\Speech\Voice\Vocalics\FootParser.h" />
    <ClInclude Include="src\Adjutant\Speech\Voice\Vocalics\Glides.h" />
    <ClInclude Include="src\Adjutant\Speech\Voice\Vocalics\IntonationModel.h" />
    <ClInclude Include="src\Adjutant\Speech\Voice\Vocalics\MoraicGrid.h" />
    <ClInclude Include="src\Adjutant\Speech\Voice\Vocalics\Phoneme.h" />
    <ClInclude Include="src\Adjutant\Speech\Voice\Vocalics\PhonemeSynth.h" />
    <ClInclude Include="src\Adjutant\Speech\Voice\Vocalics\ProsodicFoot.h" />
    <ClInclude Include="src\Adjutant\Speech\Voice\Vocalics\ProsodicWord.h" />
    <ClInclude Include="src\Adjutant\Speech\Voice\Vocalics\SonorityContour.h" />
    <ClInclude Include="src\Adjutant\Speech\Voice\Vocalics\Syllable.h" />
    <ClInclude Include="src\Adjutant\Speech\Voice\Vocalics\SyllableBuilder.h" />
    <ClInclude Include="src\Adjutant\Speech\Voice\VoiceDSP.h" />
    <ClInclude Include="src\Adjutant\Speech\Voice\VoiceFilters.h" />
    <ClInclude Include="src\Adjutant\Speech\Voice\VoiceOutputEngine.h" />
    <ClInclude Include="src\Adjutant\StateMachine.h" />
    <ClInclude Include="src\Adjutant\TargetProfile.h" />
    <ClInclude Include="src\Adjutant\UserProfile.h" />
    <ClInclude Include="src\Engine\FileLoader.h" />
    <ClInclude Include="src\Engine\Framework.h" />
    <ClInclude Include="src\Adjutant\Speech\Voice\VoicePitch.h" />
    <ClInclude Include="src\Adjutant\Speech\Voice\Vocalics\PhraseContour.h" />
    <ClInclude Include="src\Adjutant\Speech\Voice\Vocalics\PitchAccentModel.h" />
  </ItemGroup>
  <ItemGroup>
    <Library Include="dep\lib\glew32s.lib" />
    <Library Include="dep\lib\glfw3.lib" />
  </ItemGroup>
  <ItemGroup>
    <None Include="README.md" />
    <None Include="src\Adjutant\Brainstem\brainstem.bsm" />
    <None Include="src\Adjutant\GPU\brainstem.shader" />
    <None Include="src\Adjutant\GPU\core.shader" />
    <None Include="src\Adjutant\GPU\dialogue1.shader" />
    <None Include="src\Adjutant\GPU\memory.shader" />
    <None Include="src\Adjutant\Memories\mem1.mem" />
    <None Include="src\Adjutant\Speech\Database\database1.dat" />
    <None Include="src\Adjutant\Speech\Database\targetOrgs.dat" />
    <None Include="src\Adjutant\Speech\Database\targetPeople.dat" />
    <None Include="src\Adjutant\Speech\Voice\Language\Dictionary\en_US.dict" />
    <None Include="src\Adjutant\Speech\Voice\Vocalics\Phonemes.dat" />
    <None Include="src\Adjutant\Speech\Voice\Vocalics\Syllables.dat" />
  </ItemGroup>
</Project>